
Microsoft Visual Studio Solution File, Format Version 11.00
# Visual Studio 2010
Project("{FAE04EC0-301F-11D3-BF4B-00C04F79EFBC}") = "Assembly-CSharp", "Assembly-CSharp.csproj", "{FE10A79D-1D4A-2CEE-4F52-D3750F645768}"
EndProject
Project("{FAE04EC0-301F-11D3-BF4B-00C04F79EFBC}") = "Assembly-CSharp-Editor-firstpass", "Assembly-CSharp-Editor-firstpass.csproj", "{2EE272DC-169E-951F-1F02-DCFC7A53E6F5}"
EndProject
Global
	GlobalSection(SolutionConfigurationPlatforms) = preSolution
		Debug|Any CPU = Debug|Any CPU
		Release|Any CPU = Release|Any CPU
	EndGlobalSection
	GlobalSection(ProjectConfigurationPlatforms) = postSolution
		{FE10A79D-1D4A-2CEE-4F52-D3750F645768}.Debug|Any CPU.ActiveCfg = Debug|Any CPU
		{FE10A79D-1D4A-2CEE-4F52-D3750F645768}.Debug|Any CPU.Build.0 = Debug|Any CPU
		{FE10A79D-1D4A-2CEE-4F52-D3750F645768}.Release|Any CPU.ActiveCfg = Release|Any CPU
		{FE10A79D-1D4A-2CEE-4F52-D3750F645768}.Release|Any CPU.Build.0 = Release|Any CPU
		{2EE272DC-169E-951F-1F02-DCFC7A53E6F5}.Debug|Any CPU.ActiveCfg = Debug|Any CPU
		{2EE272DC-169E-951F-1F02-DCFC7A53E6F5}.Debug|Any CPU.Build.0 = Debug|Any CPU
		{2EE272DC-169E-951F-1F02-DCFC7A53E6F5}.Release|Any CPU.ActiveCfg = Release|Any CPU
		{2EE272DC-169E-951F-1F02-DCFC7A53E6F5}.Release|Any CPU.Build.0 = Release|Any CPU
	EndGlobalSection
	GlobalSection(SolutionProperties) = preSolution
		HideSolutionNode = FALSE
	EndGlobalSection
EndGlobal
